
Microsoft Visual Studio Solution File, Format Version 12.00
Project("{FAE04EC0-301F-11D3-BF4B-00C04F79EFBC}") = "CommandConsole", "CommandConsole\CommandConsole.csproj", "{E2421EBC-F395-4522-A3A2-10B8BA4412BE}"
EndProject
Global
	GlobalSection(SolutionConfigurationPlatforms) = preSolution
		Debug|Any CPU = Debug|Any CPU
		Release|Any CPU = Release|Any CPU
	EndGlobalSection
	GlobalSection(ProjectConfigurationPlatforms) = postSolution
		{E2421EBC-F395-4522-A3A2-10B8BA4412BE}.Debug|Any CPU.ActiveCfg = Debug|Any CPU
		{E2421EBC-F395-4522-A3A2-10B8BA4412BE}.Debug|Any CPU.Build.0 = Debug|Any CPU
		{E2421EBC-F395-4522-A3A2-10B8BA4412BE}.Release|Any CPU.ActiveCfg = Release|Any CPU
		{E2421EBC-F395-4522-A3A2-10B8BA4412BE}.Release|Any CPU.Build.0 = Release|Any CPU
	EndGlobalSection
EndGlobal
